// !$*UTF8*$!
{
	archiveVersion = 1;
	classes = {
	};
	objectVersion = 56;
	objects = {

/* Begin PBXBuildFile section */
		A2D8E3812A33D60E004C74CF /* AppDelegate.swift in Sources */ = {isa = PBXBuildFile; fileRef = A2D8E3802A33D60E004C74CF /* AppDelegate.swift */; };
		A2D8E3832A33D60E004C74CF /* SceneDelegate.swift in Sources */ = {isa = PBXBuildFile; fileRef = A2D8E3822A33D60E004C74CF /* SceneDelegate.swift */; };
		A2D8E3852A33D60E004C74CF /* ViewController.swift in Sources */ = {isa = PBXBuildFile; fileRef = A2D8E3842A33D60E004C74CF /* ViewController.swift */; };
		A2D8E38B2A33D60E004C74CF /* AppAlcoolOuGasolina.xcdatamodeld in Sources */ = {isa = PBXBuildFile; fileRef = A2D8E3892A33D60E004C74CF /* AppAlcoolOuGasolina.xcdatamodeld */; };
		A2D8E38D2A33D611004C74CF /* Assets.xcassets in Resources */ = {isa = PBXBuildFile; fileRef = A2D8E38C2A33D611004C74CF /* Assets.xcassets */; };
		A2D8E3902A33D611004C74CF /* LaunchScreen.storyboard in Resources */ = {isa = PBXBuildFile; fileRef = A2D8E38E2A33D611004C74CF /* LaunchScreen.storyboard */; };
		A2D8E39B2A33D611004C74CF /* AppAlcoolOuGasolinaTests.swift in Sources */ = {isa = PBXBuildFile; fileRef = A2D8E39A2A33D611004C74CF /* AppAlcoolOuGasolinaTests.swift */; };
		A2D8E3A52A33D611004C74CF /* AppAlcoolOuGasolinaUITests.swift in Sources */ = {isa = PBXBuildFile; fileRef = A2D8E3A42A33D611004C74CF /* AppAlcoolOuGasolinaUITests.swift */; };
		A2D8E3A72A33D611004C74CF /* AppAlcoolOuGasolinaUITestsLaunchTests.swift in Sources */ = {isa = PBXBuildFile; fileRef = A2D8E3A62A33D611004C74CF /* AppAlcoolOuGasolinaUITestsLaunchTests.swift */; };
/* End PBXBuildFile section */

/* Begin PBXContainerItemProxy section */
		A2D8E3972A33D611004C74CF /* PBXContainerItemProxy */ = {
			isa = PBXContainerItemProxy;
			containerPortal = A2D8E3752A33D60E004C74CF /* Project object */;
			proxyType = 1;
			remoteGlobalIDString = A2D8E37C2A33D60E004C74CF;
			remoteInfo = AppAlcoolOuGasolina;
		};
		A2D8E3A12A33D611004C74CF /* PBXContainerItemProxy */ = {
			isa = PBXContainerItemProxy;
			containerPortal = A2D8E3752A33D60E004C74CF /* Project object */;
			proxyType = 1;
			remoteGlobalIDString = A2D8E37C2A33D60E004C74CF;
			remoteInfo = AppAlcoolOuGasolina;
		};
/* End PBXContainerItemProxy section */

/* Begin PBXFileReference section */
		A2D8E37D2A33D60E004C74CF /* AppAlcoolOuGasolina.app */ = {isa = PBXFileReference; explicitFileType = wrapper.application; includeInIndex = 0; path = AppAlcoolOuGasolina.app; sourceTree = BUILT_PRODUCTS_DIR; };
		A2D8E3802A33D60E004C74CF /* AppDelegate.swift */ = {isa = PBXFileReference; lastKnownFileType = sourcecode.swift; path = AppDelegate.swift; sourceTree = "<group>"; };
		A2D8E3822A33D60E004C74CF /* SceneDelegate.swift */ = {isa = PBXFileReference; lastKnownFileType = sourcecode.swift; path = SceneDelegate.swift; sourceTree = "<group>"; };
		A2D8E3842A33D60E004C74CF /* ViewController.swift */ = {isa = PBXFileReference; lastKnownFileType = sourcecode.swift; path = ViewController.swift; sourceTree = "<group>"; };
		A2D8E38A2A33D60E004C74CF /* AppAlcoolOuGasolina.xcdatamodel */ = {isa = PBXFileReference; lastKnownFileType = wrapper.xcdatamodel; path = AppAlcoolOuGasolina.xcdatamodel; sourceTree = "<group>"; };
		A2D8E38C2A33D611004C74CF /* Assets.xcassets */ = {isa = PBXFileReference; lastKnownFileType = folder.assetcatalog; path = Assets.xcassets; sourceTree = "<group>"; };
		A2D8E38F2A33D611004C74CF /* Base */ = {isa = PBXFileReference; lastKnownFileType = file.storyboard; name = Base; path = Base.lproj/LaunchScreen.storyboard; sourceTree = "<group>"; };
		A2D8E3912A33D611004C74CF /* Info.plist */ = {isa = PBXFileReference; lastKnownFileType = text.plist.xml; path = Info.plist; sourceTree = "<group>"; };
		A2D8E3962A33D611004C74CF /* AppAlcoolOuGasolinaTests.xctest */ = {isa = PBXFileReference; explicitFileType = wrapper.cfbundle; includeInIndex = 0; path = AppAlcoolOuGasolinaTests.xctest; sourceTree = BUILT_PRODUCTS_DIR; };
		A2D8E39A2A33D611004C74CF /* AppAlcoolOuGasolinaTests.swift */ = {isa = PBXFileReference; lastKnownFileType = sourcecode.swift; path = AppAlcoolOuGasolinaTests.swift; sourceTree = "<group>"; };
		A2D8E3A02A33D611004C74CF /* AppAlcoolOuGasolinaUITests.xctest */ = {isa = PBXFileReference; explicitFileType = wrapper.cfbundle; includeInIndex = 0; path = AppAlcoolOuGasolinaUITests.xctest; sourceTree = BUILT_PRODUCTS_DIR; };
		A2D8E3A42A33D611004C74CF /* AppAlcoolOuGasolinaUITests.swift */ = {isa = PBXFileReference; lastKnownFileType = sourcecode.swift; path = AppAlcoolOuGasolinaUITests.swift; sourceTree = "<group>"; };
		A2D8E3A62A33D611004C74CF /* AppAlcoolOuGasolinaUITestsLaunchTests.swift */ = {isa = PBXFileReference; lastKnownFileType = sourcecode.swift; path = AppAlcoolOuGasolinaUITestsLaunchTests.swift; sourceTree = "<group>"; };
/* End PBXFileReference section */

/* Begin PBXFrameworksBuildPhase section */
		A2D8E37A2A33D60E004C74CF /* Frameworks */ = {
			isa = PBXFrameworksBuildPhase;
			buildActionMask = 2147483647;
			files = (
			);
			runOnlyForDeploymentPostprocessing = 0;
		};
		A2D8E3932A33D611004C74CF /* Frameworks */ = {
			isa = PBXFrameworksBuildPhase;
			buildActionMask = 2147483647;
			files = (
			);
			runOnlyForDeploymentPostprocessing = 0;
		};
		A2D8E39D2A33D611004C74CF /* Frameworks */ = {
			isa = PBXFrameworksBuildPhase;
			buildActionMask = 2147483647;
			files = (
			);
			runOnlyForDeploymentPostprocessing = 0;
		};
/* End PBXFrameworksBuildPhase section */

/* Begin PBXGroup section */
		A2D8E3742A33D60E004C74CF = {
			isa = PBXGroup;
			children = (
				A2D8E37F2A33D60E004C74CF /* AppAlcoolOuGasolina */,
				A2D8E3992A33D611004C74CF /* AppAlcoolOuGasolinaTests */,
				A2D8E3A32A33D611004C74CF /* AppAlcoolOuGasolinaUITests */,
				A2D8E37E2A33D60E004C74CF /* Products */,
			);
			sourceTree = "<group>";
		};
		A2D8E37E2A33D60E004C74CF /* Products */ = {
			isa = PBXGroup;
			children = (
				A2D8E37D2A33D60E004C74CF /* AppAlcoolOuGasolina.app */,
				A2D8E3962A33D611004C74CF /* AppAlcoolOuGasolinaTests.xctest */,
				A2D8E3A02A33D611004C74CF /* AppAlcoolOuGasolinaUITests.xctest */,
			);
			name = Products;
			sourceTree = "<group>";
		};
		A2D8E37F2A33D60E004C74CF /* AppAlcoolOuGasolina */ = {
			isa = PBXGroup;
			children = (
				A2D8E3802A33D60E004C74CF /* AppDelegate.swift */,
				A2D8E3822A33D60E004C74CF /* SceneDelegate.swift */,
				A2D8E3842A33D60E004C74CF /* ViewController.swift */,
				A2D8E38C2A33D611004C74CF /* Assets.xcassets */,
				A2D8E38E2A33D611004C74CF /* LaunchScreen.storyboard */,
				A2D8E3912A33D611004C74CF /* Info.plist */,
				A2D8E3892A33D60E004C74CF /* AppAlcoolOuGasolina.xcdatamodeld */,
			);
			path = AppAlcoolOuGasolina;
			sourceTree = "<group>";
		};
		A2D8E3992A33D611004C74CF /* AppAlcoolOuGasolinaTests */ = {
			isa = PBXGroup;
			children = (
				A2D8E39A2A33D611004C74CF /* AppAlcoolOuGasolinaTests.swift */,
			);
			path = AppAlcoolOuGasolinaTests;
			sourceTree = "<group>";
		};
		A2D8E3A32A33D611004C74CF /* AppAlcoolOuGasolinaUITests */ = {
			isa = PBXGroup;
			children = (
				A2D8E3A42A33D611004C74CF /* AppAlcoolOuGasolinaUITests.swift */,
				A2D8E3A62A33D611004C74CF /* AppAlcoolOuGasolinaUITestsLaunchTests.swift */,
			);
			path = AppAlcoolOuGasolinaUITests;
			sourceTree = "<group>";
		};
/* End PBXGroup section */

/* Begin PBXNativeTarget section */
		A2D8E37C2A33D60E004C74CF /* AppAlcoolOuGasolina */ = {
			isa = PBXNativeTarget;
			buildConfigurationList = A2D8E3AA2A33D611004C74CF /* Build configuration list for PBXNativeTarget "AppAlcoolOuGasolina" */;
			buildPhases = (
				A2D8E3792A33D60E004C74CF /* Sources */,
				A2D8E37A2A33D60E004C74CF /* Frameworks */,
				A2D8E37B2A33D60E004C74CF /* Resources */,
			);
			buildRules = (
			);
			dependencies = (
			);
			name = AppAlcoolOuGasolina;
			productName = AppAlcoolOuGasolina;
			productReference = A2D8E37D2A33D60E004C74CF /* AppAlcoolOuGasolina.app */;
			productType = "com.apple.product-type.application";
		};
		A2D8E3952A33D611004C74CF /* AppAlcoolOuGasolinaTests */ = {
			isa = PBXNativeTarget;
			buildConfigurationList = A2D8E3AD2A33D611004C74CF /* Build configuration list for PBXNativeTarget "AppAlcoolOuGasolinaTests" */;
			buildPhases = (
				A2D8E3922A33D611004C74CF /* Sources */,
				A2D8E3932A33D611004C74CF /* Frameworks */,
				A2D8E3942A33D611004C74CF /* Resources */,
			);
			buildRules = (
			);
			dependencies = (
				A2D8E3982A33D611004C74CF /* PBXTargetDependency */,
			);
			name = AppAlcoolOuGasolinaTests;
			productName = AppAlcoolOuGasolinaTests;
			productReference = A2D8E3962A33D611004C74CF /* AppAlcoolOuGasolinaTests.xctest */;
			productType = "com.apple.product-type.bundle.unit-test";
		};
		A2D8E39F2A33D611004C74CF /* AppAlcoolOuGasolinaUITests */ = {
			isa = PBXNativeTarget;
			buildConfigurationList = A2D8E3B02A33D611004C74CF /* Build configuration list for PBXNativeTarget "AppAlcoolOuGasolinaUITests" */;
			buildPhases = (
				A2D8E39C2A33D611004C74CF /* Sources */,
				A2D8E39D2A33D611004C74CF /* Frameworks */,
				A2D8E39E2A33D611004C74CF /* Resources */,
			);
			buildRules = (
			);
			dependencies = (
				A2D8E3A22A33D611004C74CF /* PBXTargetDependency */,
			);
			name = AppAlcoolOuGasolinaUITests;
			productName = AppAlcoolOuGasolinaUITests;
			productReference = A2D8E3A02A33D611004C74CF /* AppAlcoolOuGasolinaUITests.xctest */;
			productType = "com.apple.product-type.bundle.ui-testing";
		};
/* End PBXNativeTarget section */

/* Begin PBXProject section */
		A2D8E3752A33D60E004C74CF /* Project object */ = {
			isa = PBXProject;
			attributes = {
				BuildIndependentTargetsInParallel = 1;
				LastSwiftUpdateCheck = 1420;
				LastUpgradeCheck = 1420;
				TargetAttributes = {
					A2D8E37C2A33D60E004C74CF = {
						CreatedOnToolsVersion = 14.2;
					};
					A2D8E3952A33D611004C74CF = {
						CreatedOnToolsVersion = 14.2;
						TestTargetID = A2D8E37C2A33D60E004C74CF;
					};
					A2D8E39F2A33D611004C74CF = {
						CreatedOnToolsVersion = 14.2;
						TestTargetID = A2D8E37C2A33D60E004C74CF;
					};
				};
			};
			buildConfigurationList = A2D8E3782A33D60E004C74CF /* Build configuration list for PBXProject "AppAlcoolOuGasolina" */;
			compatibilityVersion = "Xcode 14.0";
			developmentRegion = en;
			hasScannedForEncodings = 0;
			knownRegions = (
				en,
				Base,
			);
			mainGroup = A2D8E3742A33D60E004C74CF;
			productRefGroup = A2D8E37E2A33D60E004C74CF /* Products */;
			projectDirPath = "";
			projectRoot = "";
			targets = (
				A2D8E37C2A33D60E004C74CF /* AppAlcoolOuGasolina */,
				A2D8E3952A33D611004C74CF /* AppAlcoolOuGasolinaTests */,
				A2D8E39F2A33D611004C74CF /* AppAlcoolOuGasolinaUITests */,
			);
		};
/* End PBXProject section */

/* Begin PBXResourcesBuildPhase section */
		A2D8E37B2A33D60E004C74CF /* Resources */ = {
			isa = PBXResourcesBuildPhase;
			buildActionMask = 2147483647;
			files = (
				A2D8E3902A33D611004C74CF /* LaunchScreen.storyboard in Resources */,
				A2D8E38D2A33D611004C74CF /* Assets.xcassets in Resources */,
			);
			runOnlyForDeploymentPostprocessing = 0;
		};
		A2D8E3942A33D611004C74CF /* Resources */ = {
			isa = PBXResourcesBuildPhase;
			buildActionMask = 2147483647;
			files = (
			);
			runOnlyForDeploymentPostprocessing = 0;
		};
		A2D8E39E2A33D611004C74CF /* Resources */ = {
			isa = PBXResourcesBuildPhase;
			buildActionMask = 2147483647;
			files = (
			);
			runOnlyForDeploymentPostprocessing = 0;
		};
/* End PBXResourcesBuildPhase section */

/* Begin PBXSourcesBuildPhase section */
		A2D8E3792A33D60E004C74CF /* Sources */ = {
			isa = PBXSourcesBuildPhase;
			buildActionMask = 2147483647;
			files = (
				A2D8E3852A33D60E004C74CF /* ViewController.swift in Sources */,
				A2D8E3812A33D60E004C74CF /* AppDelegate.swift in Sources */,
				A2D8E38B2A33D60E004C74CF /* AppAlcoolOuGasolina.xcdatamodeld in Sources */,
				A2D8E3832A33D60E004C74CF /* SceneDelegate.swift in Sources */,
			);
			runOnlyForDeploymentPostprocessing = 0;
		};
		A2D8E3922A33D611004C74CF /* Sources */ = {
			isa = PBXSourcesBuildPhase;
			buildActionMask = 2147483647;
			files = (
				A2D8E39B2A33D611004C74CF /* AppAlcoolOuGasolinaTests.swift in Sources */,
			);
			runOnlyForDeploymentPostprocessing = 0;
		};
		A2D8E39C2A33D611004C74CF /* Sources */ = {
			isa = PBXSourcesBuildPhase;
			buildActionMask = 2147483647;
			files = (
				A2D8E3A72A33D611004C74CF /* AppAlcoolOuGasolinaUITestsLaunchTests.swift in Sources */,
				A2D8E3A52A33D611004C74CF /* AppAlcoolOuGasolinaUITests.swift in Sources */,
			);
			runOnlyForDeploymentPostprocessing = 0;
		};
/* End PBXSourcesBuildPhase section */

/* Begin PBXTargetDependency section */
		A2D8E3982A33D611004C74CF /* PBXTargetDependency */ = {
			isa = PBXTargetDependency;
			target = A2D8E37C2A33D60E004C74CF /* AppAlcoolOuGasolina */;
			targetProxy = A2D8E3972A33D611004C74CF /* PBXContainerItemProxy */;
		};
		A2D8E3A22A33D611004C74CF /* PBXTargetDependency */ = {
			isa = PBXTargetDependency;
			target = A2D8E37C2A33D60E004C74CF /* AppAlcoolOuGasolina */;
			targetProxy = A2D8E3A12A33D611004C74CF /* PBXContainerItemProxy */;
		};
/* End PBXTargetDependency section */

/* Begin PBXVariantGroup section */
		A2D8E38E2A33D611004C74CF /* LaunchScreen.storyboard */ = {
			isa = PBXVariantGroup;
			children = (
				A2D8E38F2A33D611004C74CF /* Base */,
			);
			name = LaunchScreen.storyboard;
			sourceTree = "<group>";
		};
/* End PBXVariantGroup section */

/* Begin XCBuildConfiguration section */
		A2D8E3A82A33D611004C74CF /* Debug */ = {
			isa = XCBuildConfiguration;
			buildSettings = {
				ALWAYS_SEARCH_USER_PATHS = NO;
				CLANG_ANALYZER_NONNULL = YES;
				CLANG_ANALYZER_NUMBER_OBJECT_CONVERSION = YES_AGGRESSIVE;
				CLANG_CXX_LANGUAGE_STANDARD = "gnu++20";
				CLANG_ENABLE_MODULES = YES;
				CLANG_ENABLE_OBJC_ARC = YES;
				CLANG_ENABLE_OBJC_WEAK = YES;
				CLANG_WARN_BLOCK_CAPTURE_AUTORELEASING = YES;
				CLANG_WARN_BOOL_CONVERSION = YES;
				CLANG_WARN_COMMA = YES;
				CLANG_WARN_CONSTANT_CONVERSION = YES;
				CLANG_WARN_DEPRECATED_OBJC_IMPLEMENTATIONS = YES;
				CLANG_WARN_DIRECT_OBJC_ISA_USAGE = YES_ERROR;
				CLANG_WARN_DOCUMENTATION_COMMENTS = YES;
				CLANG_WARN_EMPTY_BODY = YES;
				CLANG_WARN_ENUM_CONVERSION = YES;
				CLANG_WARN_INFINITE_RECURSION = YES;
				CLANG_WARN_INT_CONVERSION = YES;
				CLANG_WARN_NON_LITERAL_NULL_CONVERSION = YES;
				CLANG_WARN_OBJC_IMPLICIT_RETAIN_SELF = YES;
				CLANG_WARN_OBJC_LITERAL_CONVERSION = YES;
				CLANG_WARN_OBJC_ROOT_CLASS = YES_ERROR;
				CLANG_WARN_QUOTED_INCLUDE_IN_FRAMEWORK_HEADER = YES;
				CLANG_WARN_RANGE_LOOP_ANALYSIS = YES;
				CLANG_WARN_STRICT_PROTOTYPES = YES;
				CLANG_WARN_SUSPICIOUS_MOVE = YES;
				CLANG_WARN_UNGUARDED_AVAILABILITY = YES_AGGRESSIVE;
				CLANG_WARN_UNREACHABLE_CODE = YES;
				CLANG_WARN__DUPLICATE_METHOD_MATCH = YES;
				COPY_PHASE_STRIP = NO;
				DEBUG_INFORMATION_FORMAT = dwarf;
				ENABLE_STRICT_OBJC_MSGSEND = YES;
				ENABLE_TESTABILITY = YES;
				GCC_C_LANGUAGE_STANDARD = gnu11;
				GCC_DYNAMIC_NO_PIC = NO;
				GCC_NO_COMMON_BLOCKS = YES;
				GCC_OPTIMIZATION_LEVEL = 0;
				GCC_PREPROCESSOR_DEFINITIONS = (
					"DEBUG=1",
					"$(inherited)",
				);
				GCC_WARN_64_TO_32_BIT_CONVERSION = YES;
				GCC_WARN_ABOUT_RETURN_TYPE = YES_ERROR;
				GCC_WARN_UNDECLARED_SELECTOR = YES;
				GCC_WARN_UNINITIALIZED_AUTOS = YES_AGGRESSIVE;
				GCC_WARN_UNUSED_FUNCTION = YES;
				GCC_WARN_UNUSED_VARIABLE = YES;
				IPHONEOS_DEPLOYMENT_TARGET = 16.2;
				MTL_ENABLE_DEBUG_INFO = INCLUDE_SOURCE;
				MTL_FAST_MATH = YES;
				ONLY_ACTIVE_ARCH = YES;
				SDKROOT = iphoneos;
				SWIFT_ACTIVE_COMPILATION_CONDITIONS = DEBUG;
				SWIFT_OPTIMIZATION_LEVEL = "-Onone";
			};
			name = Debug;
		};
		A2D8E3A92A33D611004C74CF /* Release */ = {
			isa = XCBuildConfiguration;
			buildSettings = {
				ALWAYS_SEARCH_USER_PATHS = NO;
				CLANG_ANALYZER_NONNULL = YES;
				CLANG_ANALYZER_NUMBER_OBJECT_CONVERSION = YES_AGGRESSIVE;
				CLANG_CXX_LANGUAGE_STANDARD = "gnu++20";
				CLANG_ENABLE_MODULES = YES;
				CLANG_ENABLE_OBJC_ARC = YES;
				CLANG_ENABLE_OBJC_WEAK = YES;
				CLANG_WARN_BLOCK_CAPTURE_AUTORELEASING = YES;
				CLANG_WARN_BOOL_CONVERSION = YES;
				CLANG_WARN_COMMA = YES;
				CLANG_WARN_CONSTANT_CONVERSION = YES;
				CLANG_WARN_DEPRECATED_OBJC_IMPLEMENTATIONS = YES;
				CLANG_WARN_DIRECT_OBJC_ISA_USAGE = YES_ERROR;
				CLANG_WARN_DOCUMENTATION_COMMENTS = YES;
				CLANG_WARN_EMPTY_BODY = YES;
				CLANG_WARN_ENUM_CONVERSION = YES;
				CLANG_WARN_INFINITE_RECURSION = YES;
				CLANG_WARN_INT_CONVERSION = YES;
				CLANG_WARN_NON_LITERAL_NULL_CONVERSION = YES;
				CLANG_WARN_OBJC_IMPLICIT_RETAIN_SELF = YES;
				CLANG_WARN_OBJC_LITERAL_CONVERSION = YES;
				CLANG_WARN_OBJC_ROOT_CLASS = YES_ERROR;
				CLANG_WARN_QUOTED_INCLUDE_IN_FRAMEWORK_HEADER = YES;
				CLANG_WARN_RANGE_LOOP_ANALYSIS = YES;
				CLANG_WARN_STRICT_PROTOTYPES = YES;
				CLANG_WARN_SUSPICIOUS_MOVE = YES;
				CLANG_WARN_UNGUARDED_AVAILABILITY = YES_AGGRESSIVE;
				CLANG_WARN_UNREACHABLE_CODE = YES;
				CLANG_WARN__DUPLICATE_METHOD_MATCH = YES;
				COPY_PHASE_STRIP = NO;
				DEBUG_INFORMATION_FORMAT = "dwarf-with-dsym";
				ENABLE_NS_ASSERTIONS = NO;
				ENABLE_STRICT_OBJC_MSGSEND = YES;
				GCC_C_LANGUAGE_STANDARD = gnu11;
				GCC_NO_COMMON_BLOCKS = YES;
				GCC_WARN_64_TO_32_BIT_CONVERSION = YES;
				GCC_WARN_ABOUT_RETURN_TYPE = YES_ERROR;
				GCC_WARN_UNDECLARED_SELECTOR = YES;
				GCC_WARN_UNINITIALIZED_AUTOS = YES_AGGRESSIVE;
				GCC_WARN_UNUSED_FUNCTION = YES;
				GCC_WARN_UNUSED_VARIABLE = YES;
				IPHONEOS_DEPLOYMENT_TARGET = 16.2;
				MTL_ENABLE_DEBUG_INFO = NO;
				MTL_FAST_MATH = YES;
				SDKROOT = iphoneos;
				SWIFT_COMPILATION_MODE = wholemodule;
				SWIFT_OPTIMIZATION_LEVEL = "-O";
				VALIDATE_PRODUCT = YES;
			};
			name = Release;
		};
		A2D8E3AB2A33D611004C74CF /* Debug */ = {
			isa = XCBuildConfiguration;
			buildSettings = {
				ASSETCATALOG_COMPILER_APPICON_NAME = AppIcon;
				ASSETCATALOG_COMPILER_GLOBAL_ACCENT_COLOR_NAME = AccentColor;
				CODE_SIGN_STYLE = Automatic;
				CURRENT_PROJECT_VERSION = 1;
				DEVELOPMENT_TEAM = GAH82THXNC;
				GENERATE_INFOPLIST_FILE = YES;
				INFOPLIST_FILE = AppAlcoolOuGasolina/Info.plist;
				INFOPLIST_KEY_UIApplicationSupportsIndirectInputEvents = YES;
				INFOPLIST_KEY_UILaunchStoryboardName = LaunchScreen;
				INFOPLIST_KEY_UIMainStoryboardFile = "";
				INFOPLIST_KEY_UISupportedInterfaceOrientations_iPad = "UIInterfaceOrientationPortrait UIInterfaceOrientationPortraitUpsideDown UIInterfaceOrientationLandscapeLeft UIInterfaceOrientationLandscapeRight";
				INFOPLIST_KEY_UISupportedInterfaceOrientations_iPhone = "UIInterfaceOrientationPortrait UIInterfaceOrientationLandscapeLeft UIInterfaceOrientationLandscapeRight";
				LD_RUNPATH_SEARCH_PATHS = (
					"$(inherited)",
					"@executable_path/Frameworks",
				);
				MARKETING_VERSION = 1.0;
				PRODUCT_BUNDLE_IDENTIFIER = ClaudioMattos.AppAlcoolOuGasolina;
				PRODUCT_NAME = "$(TARGET_NAME)";
				SUPPORTED_PLATFORMS = "iphoneos iphonesimulator";
				SUPPORTS_MACCATALYST = NO;
				SUPPORTS_MAC_DESIGNED_FOR_IPHONE_IPAD = NO;
				SWIFT_EMIT_LOC_STRINGS = YES;
				SWIFT_VERSION = 5.0;
				TARGETED_DEVICE_FAMILY = 1;
			};
			name = Debug;
		};
		A2D8E3AC2A33D611004C74CF /* Release */ = {
			isa = XCBuildConfiguration;
			buildSettings = {
				ASSETCATALOG_COMPILER_APPICON_NAME = AppIcon;
				ASSETCATALOG_COMPILER_GLOBAL_ACCENT_COLOR_NAME = AccentColor;
				CODE_SIGN_STYLE = Automatic;
				CURRENT_PROJECT_VERSION = 1;
				DEVELOPMENT_TEAM = GAH82THXNC;
				GENERATE_INFOPLIST_FILE = YES;
				INFOPLIST_FILE = AppAlcoolOuGasolina/Info.plist;
				INFOPLIST_KEY_UIApplicationSupportsIndirectInputEvents = YES;
				INFOPLIST_KEY_UILaunchStoryboardName = LaunchScreen;
				INFOPLIST_KEY_UIMainStoryboardFile = "";
				INFOPLIST_KEY_UISupportedInterfaceOrientations_iPad = "UIInterfaceOrientationPortrait UIInterfaceOrientationPortraitUpsideDown UIInterfaceOrientationLandscapeLeft UIInterfaceOrientationLandscapeRight";
				INFOPLIST_KEY_UISupportedInterfaceOrientations_iPhone = "UIInterfaceOrientationPortrait UIInterfaceOrientationLandscapeLeft UIInterfaceOrientationLandscapeRight";
				LD_RUNPATH_SEARCH_PATHS = (
					"$(inherited)",
					"@executable_path/Frameworks",
				);
				MARKETING_VERSION = 1.0;
				PRODUCT_BUNDLE_IDENTIFIER = ClaudioMattos.AppAlcoolOuGasolina;
				PRODUCT_NAME = "$(TARGET_NAME)";
				SUPPORTED_PLATFORMS = "iphoneos iphonesimulator";
				SUPPORTS_MACCATALYST = NO;
				SUPPORTS_MAC_DESIGNED_FOR_IPHONE_IPAD = NO;
				SWIFT_EMIT_LOC_STRINGS = YES;
				SWIFT_VERSION = 5.0;
				TARGETED_DEVICE_FAMILY = 1;
			};
			name = Release;
		};
		A2D8E3AE2A33D611004C74CF /* Debug */ = {
			isa = XCBuildConfiguration;
			buildSettings = {
				ALWAYS_EMBED_SWIFT_STANDARD_LIBRARIES = YES;
				BUNDLE_LOADER = "$(TEST_HOST)";
				CODE_SIGN_STYLE = Automatic;
				CURRENT_PROJECT_VERSION = 1;
				DEVELOPMENT_TEAM = GAH82THXNC;
				GENERATE_INFOPLIST_FILE = YES;
				IPHONEOS_DEPLOYMENT_TARGET = 16.2;
				MARKETING_VERSION = 1.0;
				PRODUCT_BUNDLE_IDENTIFIER = ClaudioMattos.AppAlcoolOuGasolinaTests;
				PRODUCT_NAME = "$(TARGET_NAME)";
				SWIFT_EMIT_LOC_STRINGS = NO;
				SWIFT_VERSION = 5.0;
				TARGETED_DEVICE_FAMILY = "1,2";
				TEST_HOST = "$(BUILT_PRODUCTS_DIR)/AppAlcoolOuGasolina.app/$(BUNDLE_EXECUTABLE_FOLDER_PATH)/AppAlcoolOuGasolina";
			};
			name = Debug;
		};
		A2D8E3AF2A33D611004C74CF /* Release */ = {
			isa = XCBuildConfiguration;
			buildSettings = {
				ALWAYS_EMBED_SWIFT_STANDARD_LIBRARIES = YES;
				BUNDLE_LOADER = "$(TEST_HOST)";
				CODE_SIGN_STYLE = Automatic;
				CURRENT_PROJECT_VERSION = 1;
				DEVELOPMENT_TEAM = GAH82THXNC;
				GENERATE_INFOPLIST_FILE = YES;
				IPHONEOS_DEPLOYMENT_TARGET = 16.2;
				MARKETING_VERSION = 1.0;
				PRODUCT_BUNDLE_IDENTIFIER = ClaudioMattos.AppAlcoolOuGasolinaTests;
				PRODUCT_NAME = "$(TARGET_NAME)";
				SWIFT_EMIT_LOC_STRINGS = NO;
				SWIFT_VERSION = 5.0;
				TARGETED_DEVICE_FAMILY = "1,2";
				TEST_HOST = "$(BUILT_PRODUCTS_DIR)/AppAlcoolOuGasolina.app/$(BUNDLE_EXECUTABLE_FOLDER_PATH)/AppAlcoolOuGasolina";
			};
			name = Release;
		};
		A2D8E3B12A33D611004C74CF /* Debug */ = {
			isa = XCBuildConfiguration;
			buildSettings = {
				ALWAYS_EMBED_SWIFT_STANDARD_LIBRARIES = YES;
				CODE_SIGN_STYLE = Automatic;
				CURRENT_PROJECT_VERSION = 1;
				DEVELOPMENT_TEAM = GAH82THXNC;
				GENERATE_INFOPLIST_FILE = YES;
				MARKETING_VERSION = 1.0;
				PRODUCT_BUNDLE_IDENTIFIER = ClaudioMattos.AppAlcoolOuGasolinaUITests;
				PRODUCT_NAME = "$(TARGET_NAME)";
				SWIFT_EMIT_LOC_STRINGS = NO;
				SWIFT_VERSION = 5.0;
				TARGETED_DEVICE_FAMILY = "1,2";
				TEST_TARGET_NAME = AppAlcoolOuGasolina;
			};
			name = Debug;
		};
		A2D8E3B22A33D611004C74CF /* Release */ = {
			isa = XCBuildConfiguration;
			buildSettings = {
				ALWAYS_EMBED_SWIFT_STANDARD_LIBRARIES = YES;
				CODE_SIGN_STYLE = Automatic;
				CURRENT_PROJECT_VERSION = 1;
				DEVELOPMENT_TEAM = GAH82THXNC;
				GENERATE_INFOPLIST_FILE = YES;
				MARKETING_VERSION = 1.0;
				PRODUCT_BUNDLE_IDENTIFIER = ClaudioMattos.AppAlcoolOuGasolinaUITests;
				PRODUCT_NAME = "$(TARGET_NAME)";
				SWIFT_EMIT_LOC_STRINGS = NO;
				SWIFT_VERSION = 5.0;
				TARGETED_DEVICE_FAMILY = "1,2";
				TEST_TARGET_NAME = AppAlcoolOuGasolina;
			};
			name = Release;
		};
/* End XCBuildConfiguration section */

/* Begin XCConfigurationList section */
		A2D8E3782A33D60E004C74CF /* Build configuration list for PBXProject "AppAlcoolOuGasolina" */ = {
			isa = XCConfigurationList;
			buildConfigurations = (
				A2D8E3A82A33D611004C74CF /* Debug */,
				A2D8E3A92A33D611004C74CF /* Release */,
			);
			defaultConfigurationIsVisible = 0;
			defaultConfigurationName = Release;
		};
		A2D8E3AA2A33D611004C74CF /* Build configuration list for PBXNativeTarget "AppAlcoolOuGasolina" */ = {
			isa = XCConfigurationList;
			buildConfigurations = (
				A2D8E3AB2A33D611004C74CF /* Debug */,
				A2D8E3AC2A33D611004C74CF /* Release */,
			);
			defaultConfigurationIsVisible = 0;
			defaultConfigurationName = Release;
		};
		A2D8E3AD2A33D611004C74CF /* Build configuration list for PBXNativeTarget "AppAlcoolOuGasolinaTests" */ = {
			isa = XCConfigurationList;
			buildConfigurations = (
				A2D8E3AE2A33D611004C74CF /* Debug */,
				A2D8E3AF2A33D611004C74CF /* Release */,
			);
			defaultConfigurationIsVisible = 0;
			defaultConfigurationName = Release;
		};
		A2D8E3B02A33D611004C74CF /* Build configuration list for PBXNativeTarget "AppAlcoolOuGasolinaUITests" */ = {
			isa = XCConfigurationList;
			buildConfigurations = (
				A2D8E3B12A33D611004C74CF /* Debug */,
				A2D8E3B22A33D611004C74CF /* Release */,
			);
			defaultConfigurationIsVisible = 0;
			defaultConfigurationName = Release;
		};
/* End XCConfigurationList section */

/* Begin XCVersionGroup section */
		A2D8E3892A33D60E004C74CF /* AppAlcoolOuGasolina.xcdatamodeld */ = {
			isa = XCVersionGroup;
			children = (
				A2D8E38A2A33D60E004C74CF /* AppAlcoolOuGasolina.xcdatamodel */,
			);
			currentVersion = A2D8E38A2A33D60E004C74CF /* AppAlcoolOuGasolina.xcdatamodel */;
			path = AppAlcoolOuGasolina.xcdatamodeld;
			sourceTree = "<group>";
			versionGroupType = wrapper.xcdatamodel;
		};
/* End XCVersionGroup section */
	};
	rootObject = A2D8E3752A33D60E004C74CF /* Project object */;
}
